
Microsoft Visual Studio Solution File, Format Version 12.00
# Visual Studio Version 17
VisualStudioVersion = 17.0.31919.166
MinimumVisualStudioVersion = 10.0.40219.1
Project("{8BC9CEB8-8B4A-11D0-8D11-00A0C91BC942}") = "commivoyager", "commivoyager.vcxproj", "{00B68492-A286-4A39-B541-3DD8CDC354B0}"
EndProject
Project("{8BC9CEB8-8B4A-11D0-8D11-00A0C91BC942}") = "parallelCommivoyager", "..\parallelCommivoyager\parallelCommivoyager.vcxproj", "{42291A1E-29EC-49DF-AF25-1B382754C1BE}"
EndProject
Global
	GlobalSection(SolutionConfigurationPlatforms) = preSolution
		Debug|x64 = Debug|x64
		Debug|x86 = Debug|x86
		Release|x64 = Release|x64
		Release|x86 = Release|x86
	EndGlobalSection
	GlobalSection(ProjectConfigurationPlatforms) = postSolution
		{00B68492-A286-4A39-B541-3DD8CDC354B0}.Debug|x64.ActiveCfg = Debug|x64
		{00B68492-A286-4A39-B541-3DD8CDC354B0}.Debug|x64.Build.0 = Debug|x64
		{00B68492-A286-4A39-B541-3DD8CDC354B0}.Debug|x86.ActiveCfg = Debug|Win32
		{00B68492-A286-4A39-B541-3DD8CDC354B0}.Debug|x86.Build.0 = Debug|Win32
		{00B68492-A286-4A39-B541-3DD8CDC354B0}.Release|x64.ActiveCfg = Release|x64
		{00B68492-A286-4A39-B541-3DD8CDC354B0}.Release|x64.Build.0 = Release|x64
		{00B68492-A286-4A39-B541-3DD8CDC354B0}.Release|x86.ActiveCfg = Release|Win32
		{00B68492-A286-4A39-B541-3DD8CDC354B0}.Release|x86.Build.0 = Release|Win32
		{42291A1E-29EC-49DF-AF25-1B382754C1BE}.Debug|x64.ActiveCfg = Debug|x64
		{42291A1E-29EC-49DF-AF25-1B382754C1BE}.Debug|x64.Build.0 = Debug|x64
		{42291A1E-29EC-49DF-AF25-1B382754C1BE}.Debug|x86.ActiveCfg = Debug|Win32
		{42291A1E-29EC-49DF-AF25-1B382754C1BE}.Debug|x86.Build.0 = Debug|Win32
		{42291A1E-29EC-49DF-AF25-1B382754C1BE}.Release|x64.ActiveCfg = Release|x64
		{42291A1E-29EC-49DF-AF25-1B382754C1BE}.Release|x64.Build.0 = Release|x64
		{42291A1E-29EC-49DF-AF25-1B382754C1BE}.Release|x86.ActiveCfg = Release|Win32
		{42291A1E-29EC-49DF-AF25-1B382754C1BE}.Release|x86.Build.0 = Release|Win32
	EndGlobalSection
	GlobalSection(SolutionProperties) = preSolution
		HideSolutionNode = FALSE
	EndGlobalSection
	GlobalSection(ExtensibilityGlobals) = postSolution
		SolutionGuid = {7D1A3E25-0AA9-46F4-A885-986168B8F9C4}
	EndGlobalSection
EndGlobal
